<Solution>
  <Folder Name="/Solution Items/">
    <File Path="../.gitignore" />
    <File Path="../AGENTS.md" />
    <File Path="../docs/AGENT_PROTOCOL.md" />
    <File Path="../global.json" />
    <File Path="../LICENSE" />
    <File Path="../NuGet.Tool.config" />
    <File Path="../README.md" />
  </Folder>
  <Project Path="VsCodexProxy/VsCodexProxy.csproj">
    <Deploy Solution="Debug|*" />
  </Project>
  <Project Path="VsCodexProxy.Client/VsCodexProxy.Client.csproj" />
</Solution>
